
Microsoft Visual Studio Solution File, Format Version 12.00
# Visual Studio 15
VisualStudioVersion = 15.0.28010.2016
MinimumVisualStudioVersion = 10.0.40219.1
Project("{FAE04EC0-301F-11D3-BF4B-00C04F79EFBC}") = "01_", "03_CSharp It Deleg Others\01_.csproj", "{E5BA8B7F-795B-4142-9B9A-6E17D56D6E5C}"
EndProject
Project("{2150E333-8FDC-42A3-9474-1A3956D46DE8}") = "Iteratorts", "Iteratorts", "{7FB765BB-A583-498F-BDAC-141580490913}"
EndProject
Project("{FAE04EC0-301F-11D3-BF4B-00C04F79EFBC}") = "02_", "02_\02_.csproj", "{66004808-CC2F-4FD4-AA6A-874400B72E7C}"
EndProject
Project("{FAE04EC0-301F-11D3-BF4B-00C04F79EFBC}") = "03_", "03_\03_.csproj", "{290C1F5D-3B08-4584-B8BC-B45D6D93BD62}"
EndProject
Project("{FAE04EC0-301F-11D3-BF4B-00C04F79EFBC}") = "04_", "04_\04_.csproj", "{C7014CD3-9091-4386-AB68-5CE0DE3D15A6}"
EndProject
Project("{2150E333-8FDC-42A3-9474-1A3956D46DE8}") = "Delegates", "Delegates", "{2DB23C1E-A60A-4E11-873F-EE81489E7E50}"
EndProject
Project("{FAE04EC0-301F-11D3-BF4B-00C04F79EFBC}") = "01_Deleg", "01_Deleg\01_Deleg.csproj", "{70310E0D-6B2C-4C69-92C0-6B40C359894B}"
EndProject
Project("{FAE04EC0-301F-11D3-BF4B-00C04F79EFBC}") = "02_Deleg", "02_Deeleg\02_Deleg.csproj", "{0AEAAEA3-9FB0-42CD-A613-F42CB7BF464D}"
EndProject
Project("{FAE04EC0-301F-11D3-BF4B-00C04F79EFBC}") = "03_Deleg", "03_Deleg\03_Deleg.csproj", "{F4A463AE-862E-42F1-B3E1-8B9A31A6DF74}"
EndProject
Project("{FAE04EC0-301F-11D3-BF4B-00C04F79EFBC}") = "04_Deleg", "04_Deleg\04_Deleg.csproj", "{85975EE3-20FD-4F5C-9A9A-B1A311BADAD0}"
EndProject
Project("{FAE04EC0-301F-11D3-BF4B-00C04F79EFBC}") = "05_Anonymous methods", "05_Deleg\05_Anonymous methods.csproj", "{37C5CCFF-B8C7-466B-9178-CA4CEFF3C142}"
EndProject
Project("{FAE04EC0-301F-11D3-BF4B-00C04F79EFBC}") = "06_Std delegates", "06_Std delegates\06_Std delegates.csproj", "{0C10F5AA-B0D8-4064-B3BD-CD783130738A}"
EndProject
Project("{2150E333-8FDC-42A3-9474-1A3956D46DE8}") = "Events", "Events", "{97D2B28F-6EE5-4A4E-9228-7212B880B737}"
EndProject
Project("{FAE04EC0-301F-11D3-BF4B-00C04F79EFBC}") = "01_Events", "01_Events\01_Events.csproj", "{C8163924-57E2-4D0B-9ED5-2F9803DD69F0}"
EndProject
Project("{FAE04EC0-301F-11D3-BF4B-00C04F79EFBC}") = "02_Event", "02_Event\02_Event.csproj", "{2ED17DD3-7D9B-4170-A10B-86EFD052E00C}"
EndProject
Project("{FAE04EC0-301F-11D3-BF4B-00C04F79EFBC}") = "03_Event", "03_Event\03_Event.csproj", "{7F487B5D-620B-436B-B021-E541A00F6EA6}"
EndProject
Project("{FAE04EC0-301F-11D3-BF4B-00C04F79EFBC}") = "04_Event_Handler", "04_Event\04_Event_Handler.csproj", "{CD83A5B4-ADBE-40A8-8879-E42F86EB345F}"
EndProject
Project("{FAE04EC0-301F-11D3-BF4B-00C04F79EFBC}") = "05_Emulation Button Click", "05_Emulation Button Click\05_Emulation Button Click.csproj", "{81BACA0B-3FBC-4FE8-A9B3-51AC46994DEE}"
EndProject
Project("{FAE04EC0-301F-11D3-BF4B-00C04F79EFBC}") = "06_EventArgs", "06_EventArgs\06_EventArgs.csproj", "{AAEFF502-0D00-4EAD-8D02-C16577C8A49D}"
EndProject
Project("{2150E333-8FDC-42A3-9474-1A3956D46DE8}") = "Collections", "Collections", "{BBE81620-3F35-4094-A009-8540BCE37976}"
EndProject
Project("{FAE04EC0-301F-11D3-BF4B-00C04F79EFBC}") = "02_SortedList", "02_SortedList\02_SortedList.csproj", "{386EABAF-7377-4A58-B33D-087D987A6738}"
EndProject
Global
	GlobalSection(SolutionConfigurationPlatforms) = preSolution
		Debug|Any CPU = Debug|Any CPU
		Release|Any CPU = Release|Any CPU
	EndGlobalSection
	GlobalSection(ProjectConfigurationPlatforms) = postSolution
		{E5BA8B7F-795B-4142-9B9A-6E17D56D6E5C}.Debug|Any CPU.ActiveCfg = Debug|Any CPU
		{E5BA8B7F-795B-4142-9B9A-6E17D56D6E5C}.Debug|Any CPU.Build.0 = Debug|Any CPU
		{E5BA8B7F-795B-4142-9B9A-6E17D56D6E5C}.Release|Any CPU.ActiveCfg = Release|Any CPU
		{E5BA8B7F-795B-4142-9B9A-6E17D56D6E5C}.Release|Any CPU.Build.0 = Release|Any CPU
		{66004808-CC2F-4FD4-AA6A-874400B72E7C}.Debug|Any CPU.ActiveCfg = Debug|Any CPU
		{66004808-CC2F-4FD4-AA6A-874400B72E7C}.Debug|Any CPU.Build.0 = Debug|Any CPU
		{66004808-CC2F-4FD4-AA6A-874400B72E7C}.Release|Any CPU.ActiveCfg = Release|Any CPU
		{66004808-CC2F-4FD4-AA6A-874400B72E7C}.Release|Any CPU.Build.0 = Release|Any CPU
		{290C1F5D-3B08-4584-B8BC-B45D6D93BD62}.Debug|Any CPU.ActiveCfg = Debug|Any CPU
		{290C1F5D-3B08-4584-B8BC-B45D6D93BD62}.Debug|Any CPU.Build.0 = Debug|Any CPU
		{290C1F5D-3B08-4584-B8BC-B45D6D93BD62}.Release|Any CPU.ActiveCfg = Release|Any CPU
		{290C1F5D-3B08-4584-B8BC-B45D6D93BD62}.Release|Any CPU.Build.0 = Release|Any CPU
		{C7014CD3-9091-4386-AB68-5CE0DE3D15A6}.Debug|Any CPU.ActiveCfg = Debug|Any CPU
		{C7014CD3-9091-4386-AB68-5CE0DE3D15A6}.Debug|Any CPU.Build.0 = Debug|Any CPU
		{C7014CD3-9091-4386-AB68-5CE0DE3D15A6}.Release|Any CPU.ActiveCfg = Release|Any CPU
		{C7014CD3-9091-4386-AB68-5CE0DE3D15A6}.Release|Any CPU.Build.0 = Release|Any CPU
		{70310E0D-6B2C-4C69-92C0-6B40C359894B}.Debug|Any CPU.ActiveCfg = Debug|Any CPU
		{70310E0D-6B2C-4C69-92C0-6B40C359894B}.Debug|Any CPU.Build.0 = Debug|Any CPU
		{70310E0D-6B2C-4C69-92C0-6B40C359894B}.Release|Any CPU.ActiveCfg = Release|Any CPU
		{70310E0D-6B2C-4C69-92C0-6B40C359894B}.Release|Any CPU.Build.0 = Release|Any CPU
		{0AEAAEA3-9FB0-42CD-A613-F42CB7BF464D}.Debug|Any CPU.ActiveCfg = Debug|Any CPU
		{0AEAAEA3-9FB0-42CD-A613-F42CB7BF464D}.Debug|Any CPU.Build.0 = Debug|Any CPU
		{0AEAAEA3-9FB0-42CD-A613-F42CB7BF464D}.Release|Any CPU.ActiveCfg = Release|Any CPU
		{0AEAAEA3-9FB0-42CD-A613-F42CB7BF464D}.Release|Any CPU.Build.0 = Release|Any CPU
		{F4A463AE-862E-42F1-B3E1-8B9A31A6DF74}.Debug|Any CPU.ActiveCfg = Debug|Any CPU
		{F4A463AE-862E-42F1-B3E1-8B9A31A6DF74}.Debug|Any CPU.Build.0 = Debug|Any CPU
		{F4A463AE-862E-42F1-B3E1-8B9A31A6DF74}.Release|Any CPU.ActiveCfg = Release|Any CPU
		{F4A463AE-862E-42F1-B3E1-8B9A31A6DF74}.Release|Any CPU.Build.0 = Release|Any CPU
		{85975EE3-20FD-4F5C-9A9A-B1A311BADAD0}.Debug|Any CPU.ActiveCfg = Debug|Any CPU
		{85975EE3-20FD-4F5C-9A9A-B1A311BADAD0}.Debug|Any CPU.Build.0 = Debug|Any CPU
		{85975EE3-20FD-4F5C-9A9A-B1A311BADAD0}.Release|Any CPU.ActiveCfg = Release|Any CPU
		{85975EE3-20FD-4F5C-9A9A-B1A311BADAD0}.Release|Any CPU.Build.0 = Release|Any CPU
		{37C5CCFF-B8C7-466B-9178-CA4CEFF3C142}.Debug|Any CPU.ActiveCfg = Debug|Any CPU
		{37C5CCFF-B8C7-466B-9178-CA4CEFF3C142}.Debug|Any CPU.Build.0 = Debug|Any CPU
		{37C5CCFF-B8C7-466B-9178-CA4CEFF3C142}.Release|Any CPU.ActiveCfg = Release|Any CPU
		{37C5CCFF-B8C7-466B-9178-CA4CEFF3C142}.Release|Any CPU.Build.0 = Release|Any CPU
		{0C10F5AA-B0D8-4064-B3BD-CD783130738A}.Debug|Any CPU.ActiveCfg = Debug|Any CPU
		{0C10F5AA-B0D8-4064-B3BD-CD783130738A}.Debug|Any CPU.Build.0 = Debug|Any CPU
		{0C10F5AA-B0D8-4064-B3BD-CD783130738A}.Release|Any CPU.ActiveCfg = Release|Any CPU
		{0C10F5AA-B0D8-4064-B3BD-CD783130738A}.Release|Any CPU.Build.0 = Release|Any CPU
		{C8163924-57E2-4D0B-9ED5-2F9803DD69F0}.Debug|Any CPU.ActiveCfg = Debug|Any CPU
		{C8163924-57E2-4D0B-9ED5-2F9803DD69F0}.Debug|Any CPU.Build.0 = Debug|Any CPU
		{C8163924-57E2-4D0B-9ED5-2F9803DD69F0}.Release|Any CPU.ActiveCfg = Release|Any CPU
		{C8163924-57E2-4D0B-9ED5-2F9803DD69F0}.Release|Any CPU.Build.0 = Release|Any CPU
		{2ED17DD3-7D9B-4170-A10B-86EFD052E00C}.Debug|Any CPU.ActiveCfg = Debug|Any CPU
		{2ED17DD3-7D9B-4170-A10B-86EFD052E00C}.Debug|Any CPU.Build.0 = Debug|Any CPU
		{2ED17DD3-7D9B-4170-A10B-86EFD052E00C}.Release|Any CPU.ActiveCfg = Release|Any CPU
		{2ED17DD3-7D9B-4170-A10B-86EFD052E00C}.Release|Any CPU.Build.0 = Release|Any CPU
		{7F487B5D-620B-436B-B021-E541A00F6EA6}.Debug|Any CPU.ActiveCfg = Debug|Any CPU
		{7F487B5D-620B-436B-B021-E541A00F6EA6}.Debug|Any CPU.Build.0 = Debug|Any CPU
		{7F487B5D-620B-436B-B021-E541A00F6EA6}.Release|Any CPU.ActiveCfg = Release|Any CPU
		{7F487B5D-620B-436B-B021-E541A00F6EA6}.Release|Any CPU.Build.0 = Release|Any CPU
		{CD83A5B4-ADBE-40A8-8879-E42F86EB345F}.Debug|Any CPU.ActiveCfg = Debug|Any CPU
		{CD83A5B4-ADBE-40A8-8879-E42F86EB345F}.Debug|Any CPU.Build.0 = Debug|Any CPU
		{CD83A5B4-ADBE-40A8-8879-E42F86EB345F}.Release|Any CPU.ActiveCfg = Release|Any CPU
		{CD83A5B4-ADBE-40A8-8879-E42F86EB345F}.Release|Any CPU.Build.0 = Release|Any CPU
		{81BACA0B-3FBC-4FE8-A9B3-51AC46994DEE}.Debug|Any CPU.ActiveCfg = Debug|Any CPU
		{81BACA0B-3FBC-4FE8-A9B3-51AC46994DEE}.Debug|Any CPU.Build.0 = Debug|Any CPU
		{81BACA0B-3FBC-4FE8-A9B3-51AC46994DEE}.Release|Any CPU.ActiveCfg = Release|Any CPU
		{81BACA0B-3FBC-4FE8-A9B3-51AC46994DEE}.Release|Any CPU.Build.0 = Release|Any CPU
		{AAEFF502-0D00-4EAD-8D02-C16577C8A49D}.Debug|Any CPU.ActiveCfg = Debug|Any CPU
		{AAEFF502-0D00-4EAD-8D02-C16577C8A49D}.Debug|Any CPU.Build.0 = Debug|Any CPU
		{AAEFF502-0D00-4EAD-8D02-C16577C8A49D}.Release|Any CPU.ActiveCfg = Release|Any CPU
		{AAEFF502-0D00-4EAD-8D02-C16577C8A49D}.Release|Any CPU.Build.0 = Release|Any CPU
		{386EABAF-7377-4A58-B33D-087D987A6738}.Debug|Any CPU.ActiveCfg = Debug|Any CPU
		{386EABAF-7377-4A58-B33D-087D987A6738}.Debug|Any CPU.Build.0 = Debug|Any CPU
		{386EABAF-7377-4A58-B33D-087D987A6738}.Release|Any CPU.ActiveCfg = Release|Any CPU
		{386EABAF-7377-4A58-B33D-087D987A6738}.Release|Any CPU.Build.0 = Release|Any CPU
	EndGlobalSection
	GlobalSection(SolutionProperties) = preSolution
		HideSolutionNode = FALSE
	EndGlobalSection
	GlobalSection(NestedProjects) = preSolution
		{E5BA8B7F-795B-4142-9B9A-6E17D56D6E5C} = {7FB765BB-A583-498F-BDAC-141580490913}
		{66004808-CC2F-4FD4-AA6A-874400B72E7C} = {7FB765BB-A583-498F-BDAC-141580490913}
		{290C1F5D-3B08-4584-B8BC-B45D6D93BD62} = {7FB765BB-A583-498F-BDAC-141580490913}
		{C7014CD3-9091-4386-AB68-5CE0DE3D15A6} = {7FB765BB-A583-498F-BDAC-141580490913}
		{70310E0D-6B2C-4C69-92C0-6B40C359894B} = {2DB23C1E-A60A-4E11-873F-EE81489E7E50}
		{0AEAAEA3-9FB0-42CD-A613-F42CB7BF464D} = {2DB23C1E-A60A-4E11-873F-EE81489E7E50}
		{F4A463AE-862E-42F1-B3E1-8B9A31A6DF74} = {2DB23C1E-A60A-4E11-873F-EE81489E7E50}
		{85975EE3-20FD-4F5C-9A9A-B1A311BADAD0} = {2DB23C1E-A60A-4E11-873F-EE81489E7E50}
		{37C5CCFF-B8C7-466B-9178-CA4CEFF3C142} = {2DB23C1E-A60A-4E11-873F-EE81489E7E50}
		{0C10F5AA-B0D8-4064-B3BD-CD783130738A} = {2DB23C1E-A60A-4E11-873F-EE81489E7E50}
		{C8163924-57E2-4D0B-9ED5-2F9803DD69F0} = {97D2B28F-6EE5-4A4E-9228-7212B880B737}
		{2ED17DD3-7D9B-4170-A10B-86EFD052E00C} = {97D2B28F-6EE5-4A4E-9228-7212B880B737}
		{7F487B5D-620B-436B-B021-E541A00F6EA6} = {97D2B28F-6EE5-4A4E-9228-7212B880B737}
		{CD83A5B4-ADBE-40A8-8879-E42F86EB345F} = {97D2B28F-6EE5-4A4E-9228-7212B880B737}
		{81BACA0B-3FBC-4FE8-A9B3-51AC46994DEE} = {97D2B28F-6EE5-4A4E-9228-7212B880B737}
		{AAEFF502-0D00-4EAD-8D02-C16577C8A49D} = {97D2B28F-6EE5-4A4E-9228-7212B880B737}
		{386EABAF-7377-4A58-B33D-087D987A6738} = {BBE81620-3F35-4094-A009-8540BCE37976}
	EndGlobalSection
	GlobalSection(ExtensibilityGlobals) = postSolution
		SolutionGuid = {967B2491-D7DD-4D4E-A2CD-A1A7C2092CEF}
	EndGlobalSection
EndGlobal
